
Microsoft Visual Studio Solution File, Format Version 12.00
# Visual Studio Version 17
VisualStudioVersion = 17.0.31903.59
MinimumVisualStudioVersion = 10.0.40219.1
Project("{2150E333-8FDC-42A3-9474-1A3956D46DE8}") = "src", "src", "{49F6850A-E555-439C-B88A-E9277F50DC22}"
EndProject
Project("{FAE04EC0-301F-11D3-BF4B-00C04F79EFBC}") = "PixelSnapper.Core", "src\PixelSnapper.Core\PixelSnapper.Core.csproj", "{D2A965B3-7907-4E33-BAF2-BDD610C8CD6D}"
EndProject
Project("{FAE04EC0-301F-11D3-BF4B-00C04F79EFBC}") = "PixelSnapper.App", "src\PixelSnapper.App\PixelSnapper.App.csproj", "{C46DF083-FEDF-4C65-9DC2-A270C61CB2B5}"
EndProject
Project("{FAE04EC0-301F-11D3-BF4B-00C04F79EFBC}") = "PixelSnapper.Bench", "src\PixelSnapper.Bench\PixelSnapper.Bench.csproj", "{C19A5F7B-50CA-49BD-BF8C-5874B0431CBE}"
EndProject
Global
	GlobalSection(SolutionConfigurationPlatforms) = preSolution
		Debug|Any CPU = Debug|Any CPU
		Release|Any CPU = Release|Any CPU
	EndGlobalSection
	GlobalSection(SolutionProperties) = preSolution
		HideSolutionNode = FALSE
	EndGlobalSection
	GlobalSection(ProjectConfigurationPlatforms) = postSolution
		{D2A965B3-7907-4E33-BAF2-BDD610C8CD6D}.Debug|Any CPU.ActiveCfg = Debug|Any CPU
		{D2A965B3-7907-4E33-BAF2-BDD610C8CD6D}.Debug|Any CPU.Build.0 = Debug|Any CPU
		{D2A965B3-7907-4E33-BAF2-BDD610C8CD6D}.Release|Any CPU.ActiveCfg = Release|Any CPU
		{D2A965B3-7907-4E33-BAF2-BDD610C8CD6D}.Release|Any CPU.Build.0 = Release|Any CPU
		{C46DF083-FEDF-4C65-9DC2-A270C61CB2B5}.Debug|Any CPU.ActiveCfg = Debug|Any CPU
		{C46DF083-FEDF-4C65-9DC2-A270C61CB2B5}.Debug|Any CPU.Build.0 = Debug|Any CPU
		{C46DF083-FEDF-4C65-9DC2-A270C61CB2B5}.Release|Any CPU.ActiveCfg = Release|Any CPU
		{C46DF083-FEDF-4C65-9DC2-A270C61CB2B5}.Release|Any CPU.Build.0 = Release|Any CPU
		{C19A5F7B-50CA-49BD-BF8C-5874B0431CBE}.Debug|Any CPU.ActiveCfg = Debug|Any CPU
		{C19A5F7B-50CA-49BD-BF8C-5874B0431CBE}.Debug|Any CPU.Build.0 = Debug|Any CPU
		{C19A5F7B-50CA-49BD-BF8C-5874B0431CBE}.Release|Any CPU.ActiveCfg = Release|Any CPU
		{C19A5F7B-50CA-49BD-BF8C-5874B0431CBE}.Release|Any CPU.Build.0 = Release|Any CPU
	EndGlobalSection
	GlobalSection(NestedProjects) = preSolution
		{D2A965B3-7907-4E33-BAF2-BDD610C8CD6D} = {49F6850A-E555-439C-B88A-E9277F50DC22}
		{C46DF083-FEDF-4C65-9DC2-A270C61CB2B5} = {49F6850A-E555-439C-B88A-E9277F50DC22}
		{C19A5F7B-50CA-49BD-BF8C-5874B0431CBE} = {49F6850A-E555-439C-B88A-E9277F50DC22}
	EndGlobalSection
EndGlobal
